
Microsoft Visual Studio Solution File, Format Version 10.00
# Visual Studio 2008
Project("{8BC9CEB8-8B4A-11D0-8D11-00A0C91BC942}") = "Snake_Case_Variable", "Snake_Case_Variable\Snake_Case_Variable.vcproj", "{6032769C-526B-4055-9A4C-E92AC696B9B8}"
EndProject
Global
	GlobalSection(SolutionConfigurationPlatforms) = preSolution
		Debug|Win32 = Debug|Win32
		Release|Win32 = Release|Win32
	EndGlobalSection
	GlobalSection(ProjectConfigurationPlatforms) = postSolution
		{6032769C-526B-4055-9A4C-E92AC696B9B8}.Debug|Win32.ActiveCfg = Debug|Win32
		{6032769C-526B-4055-9A4C-E92AC696B9B8}.Debug|Win32.Build.0 = Debug|Win32
		{6032769C-526B-4055-9A4C-E92AC696B9B8}.Release|Win32.ActiveCfg = Release|Win32
		{6032769C-526B-4055-9A4C-E92AC696B9B8}.Release|Win32.Build.0 = Release|Win32
	EndGlobalSection
	GlobalSection(SolutionProperties) = preSolution
		HideSolutionNode = FALSE
	EndGlobalSection
EndGlobal
